# THIS IS AN AUTOGENERATED FILE. DO NOT EDIT THIS FILE DIRECTLY.
# yarn lockfile v1


node-stream-zip@^1.9.1:
  version "1.9.1"
  resolved "https://registry.yarnpkg.com/node-stream-zip/-/node-stream-zip-1.9.1.tgz#66d210204da7c60e2d6d685eb21a11d016981fd0"
  integrity sha512-7/Xs9gkuYF0WBimz5OrSc6UVKLDTxvBG2yLGtEK8PSx94d86o/6iQLvIe/140ATz35JDqHKWIxh3GcA3u5hB0w==
